
Microsoft Visual Studio Solution File, Format Version 12.00
# Visual Studio 14
VisualStudioVersion = 14.0.25420.1
MinimumVisualStudioVersion = 10.0.40219.1
Project("{FAE04EC0-301F-11D3-BF4B-00C04F79EFBC}") = "GestioneRimborsi.Core", "..\..\..\..\..\..\Progetti\tfsCap\Revolution\GestioneRimborsi\DEV\GestioneRimborsi.Core\GestioneRimborsi.Core.csproj", "{3B73452A-78D5-4E31-BAD8-06726E716586}"
EndProject
Project("{FAE04EC0-301F-11D3-BF4B-00C04F79EFBC}") = "GestioneRimborsi.Web", "..\..\..\..\..\..\Progetti\tfsCap\Revolution\GestioneRimborsi\DEV\GestioneRimborsi.Web\GestioneRimborsi.Web.csproj", "{A48E9A9A-696C-40EF-9E1D-63104C87729B}"
EndProject
Project("{FAE04EC0-301F-11D3-BF4B-00C04F79EFBC}") = "BankXMLManager.WCF", "..\..\..\..\..\..\Progetti\tfsCap\Revolution\Services\BankXMLManager\BankXMLManager.WCF\BankXMLManager.WCF.csproj", "{01C9D885-7814-4ED1-A7DA-44024C9F2547}"
EndProject
Project("{FAE04EC0-301F-11D3-BF4B-00C04F79EFBC}") = "SepaManager.Base", "..\..\..\..\..\..\Progetti\tfsCap\Revolution\Services\BankXMLManager\SepaManager.Base\SepaManager.Base.csproj", "{3EF68FBC-C21C-47EC-A44E-76B182FE50C6}"
EndProject
Project("{FAE04EC0-301F-11D3-BF4B-00C04F79EFBC}") = "GruppoCap.Activity.Core", "..\..\..\..\..\..\Progetti\tfsCap\Revolution\GruppoCap.Activity.Core\GruppoCap.Activity.Core.csproj", "{EDC6F1EA-8EA4-4340-89E7-9EA747C54A0D}"
EndProject
Project("{FAE04EC0-301F-11D3-BF4B-00C04F79EFBC}") = "GruppoCap.Authentication.Core", "..\..\..\..\..\..\Progetti\tfsCap\Revolution\GruppoCap.Authentication.Core\GruppoCap.Authentication.Core.csproj", "{60C59C8C-6F1B-4FDF-B37B-1E6ACBE95985}"
EndProject
Project("{FAE04EC0-301F-11D3-BF4B-00C04F79EFBC}") = "GruppoCap.Utils", "..\..\..\..\..\..\Progetti\tfsCap\Revolution\GruppoCap.Utils\GruppoCap.Utils.csproj", "{578745E5-C348-48A9-9A6D-F7896CB63050}"
EndProject
Project("{FAE04EC0-301F-11D3-BF4B-00C04F79EFBC}") = "GruppoCap.Security.PEM", "..\..\..\..\..\..\Progetti\tfsCap\Revolution\GruppoCap.Security.PEM\GruppoCap.Security.PEM.csproj", "{EE712C4D-5E09-404B-9348-6531795716BE}"
EndProject
Project("{FAE04EC0-301F-11D3-BF4B-00C04F79EFBC}") = "GruppoCap.Logger.Log4Net", "..\..\..\..\..\..\Progetti\tfsCap\Revolution\GruppoCap.Logger.Log4Net\GruppoCap.Logger.Log4Net.csproj", "{2C5F8B59-7CAB-4EE5-B9DE-527BE7427C5A}"
EndProject
Project("{FAE04EC0-301F-11D3-BF4B-00C04F79EFBC}") = "GruppoCap.Encryption", "..\..\..\..\..\..\Progetti\tfsCap\Revolution\GruppoCap.Encryption\GruppoCap.Encryption.csproj", "{22990C7E-5AFC-4214-9F57-9991F6B4F1CF}"
EndProject
Project("{FAE04EC0-301F-11D3-BF4B-00C04F79EFBC}") = "GruppoCap.DAL.SqlServer", "..\..\..\..\..\..\Progetti\tfsCap\Revolution\GruppoCap.DAL.SqlServer\GruppoCap.DAL.SqlServer.csproj", "{B9771E16-969B-4E91-A499-6740FE7DFD6C}"
EndProject
Project("{FAE04EC0-301F-11D3-BF4B-00C04F79EFBC}") = "GruppoCap.DAL.Oracle", "..\..\..\..\..\..\Progetti\tfsCap\Revolution\GruppoCap.DAL.Oracle\GruppoCap.DAL.Oracle.csproj", "{73F97F54-5D25-4F6E-87C7-82D1AFBC0775}"
EndProject
Project("{FAE04EC0-301F-11D3-BF4B-00C04F79EFBC}") = "GruppoCap.Core.Mvc", "..\..\..\..\..\..\Progetti\tfsCap\Revolution\GruppoCap.Core.Mvc\GruppoCap.Core.Mvc.csproj", "{37B6A752-FE03-42AD-9488-817CC64C508B}"
EndProject
Project("{FAE04EC0-301F-11D3-BF4B-00C04F79EFBC}") = "GruppoCap.Core.Api", "..\..\..\..\..\..\Progetti\tfsCap\Revolution\GruppoCap.Core.Api\GruppoCap.Core.Api.csproj", "{66A7F2DD-D3DE-402D-B961-E50A98C9F96D}"
EndProject
Project("{FAE04EC0-301F-11D3-BF4B-00C04F79EFBC}") = "GruppoCap.Core", "..\..\..\..\..\..\Progetti\tfsCap\Revolution\GruppoCap.Core\GruppoCap.Core.csproj", "{C87A3DD2-26AF-4784-8850-92AC402903F7}"
EndProject
Global
	GlobalSection(SolutionConfigurationPlatforms) = preSolution
		Debug|Any CPU = Debug|Any CPU
		GRI_PROD|Any CPU = GRI_PROD|Any CPU
		GRI_TEST|Any CPU = GRI_TEST|Any CPU
		Release|Any CPU = Release|Any CPU
		RF_PROD|Any CPU = RF_PROD|Any CPU
		RF_TEST|Any CPU = RF_TEST|Any CPU
	EndGlobalSection
	GlobalSection(ProjectConfigurationPlatforms) = postSolution
		{3B73452A-78D5-4E31-BAD8-06726E716586}.Debug|Any CPU.ActiveCfg = Debug|Any CPU
		{3B73452A-78D5-4E31-BAD8-06726E716586}.Debug|Any CPU.Build.0 = Debug|Any CPU
		{3B73452A-78D5-4E31-BAD8-06726E716586}.GRI_PROD|Any CPU.ActiveCfg = GRI_PROD|Any CPU
		{3B73452A-78D5-4E31-BAD8-06726E716586}.GRI_PROD|Any CPU.Build.0 = GRI_PROD|Any CPU
		{3B73452A-78D5-4E31-BAD8-06726E716586}.GRI_TEST|Any CPU.ActiveCfg = GRI_TEST|Any CPU
		{3B73452A-78D5-4E31-BAD8-06726E716586}.GRI_TEST|Any CPU.Build.0 = GRI_TEST|Any CPU
		{3B73452A-78D5-4E31-BAD8-06726E716586}.Release|Any CPU.ActiveCfg = Release|Any CPU
		{3B73452A-78D5-4E31-BAD8-06726E716586}.Release|Any CPU.Build.0 = Release|Any CPU
		{3B73452A-78D5-4E31-BAD8-06726E716586}.RF_PROD|Any CPU.ActiveCfg = Release|Any CPU
		{3B73452A-78D5-4E31-BAD8-06726E716586}.RF_PROD|Any CPU.Build.0 = Release|Any CPU
		{3B73452A-78D5-4E31-BAD8-06726E716586}.RF_TEST|Any CPU.ActiveCfg = Release|Any CPU
		{3B73452A-78D5-4E31-BAD8-06726E716586}.RF_TEST|Any CPU.Build.0 = Release|Any CPU
		{A48E9A9A-696C-40EF-9E1D-63104C87729B}.Debug|Any CPU.ActiveCfg = Debug|Any CPU
		{A48E9A9A-696C-40EF-9E1D-63104C87729B}.Debug|Any CPU.Build.0 = Debug|Any CPU
		{A48E9A9A-696C-40EF-9E1D-63104C87729B}.GRI_PROD|Any CPU.ActiveCfg = GRI_PROD|Any CPU
		{A48E9A9A-696C-40EF-9E1D-63104C87729B}.GRI_PROD|Any CPU.Build.0 = GRI_PROD|Any CPU
		{A48E9A9A-696C-40EF-9E1D-63104C87729B}.GRI_TEST|Any CPU.ActiveCfg = GRI_TEST|Any CPU
		{A48E9A9A-696C-40EF-9E1D-63104C87729B}.GRI_TEST|Any CPU.Build.0 = GRI_TEST|Any CPU
		{A48E9A9A-696C-40EF-9E1D-63104C87729B}.Release|Any CPU.ActiveCfg = Release|Any CPU
		{A48E9A9A-696C-40EF-9E1D-63104C87729B}.Release|Any CPU.Build.0 = Release|Any CPU
		{A48E9A9A-696C-40EF-9E1D-63104C87729B}.RF_PROD|Any CPU.ActiveCfg = Release|Any CPU
		{A48E9A9A-696C-40EF-9E1D-63104C87729B}.RF_PROD|Any CPU.Build.0 = Release|Any CPU
		{A48E9A9A-696C-40EF-9E1D-63104C87729B}.RF_TEST|Any CPU.ActiveCfg = Release|Any CPU
		{A48E9A9A-696C-40EF-9E1D-63104C87729B}.RF_TEST|Any CPU.Build.0 = Release|Any CPU
		{01C9D885-7814-4ED1-A7DA-44024C9F2547}.Debug|Any CPU.ActiveCfg = Debug|Any CPU
		{01C9D885-7814-4ED1-A7DA-44024C9F2547}.Debug|Any CPU.Build.0 = Debug|Any CPU
		{01C9D885-7814-4ED1-A7DA-44024C9F2547}.GRI_PROD|Any CPU.ActiveCfg = GRI_PROD|Any CPU
		{01C9D885-7814-4ED1-A7DA-44024C9F2547}.GRI_PROD|Any CPU.Build.0 = GRI_PROD|Any CPU
		{01C9D885-7814-4ED1-A7DA-44024C9F2547}.GRI_TEST|Any CPU.ActiveCfg = GRI_TEST|Any CPU
		{01C9D885-7814-4ED1-A7DA-44024C9F2547}.GRI_TEST|Any CPU.Build.0 = GRI_TEST|Any CPU
		{01C9D885-7814-4ED1-A7DA-44024C9F2547}.Release|Any CPU.ActiveCfg = Release|Any CPU
		{01C9D885-7814-4ED1-A7DA-44024C9F2547}.Release|Any CPU.Build.0 = Release|Any CPU
		{01C9D885-7814-4ED1-A7DA-44024C9F2547}.RF_PROD|Any CPU.ActiveCfg = Release|Any CPU
		{01C9D885-7814-4ED1-A7DA-44024C9F2547}.RF_PROD|Any CPU.Build.0 = Release|Any CPU
		{01C9D885-7814-4ED1-A7DA-44024C9F2547}.RF_TEST|Any CPU.ActiveCfg = Release|Any CPU
		{01C9D885-7814-4ED1-A7DA-44024C9F2547}.RF_TEST|Any CPU.Build.0 = Release|Any CPU
		{3EF68FBC-C21C-47EC-A44E-76B182FE50C6}.Debug|Any CPU.ActiveCfg = Debug|Any CPU
		{3EF68FBC-C21C-47EC-A44E-76B182FE50C6}.Debug|Any CPU.Build.0 = Debug|Any CPU
		{3EF68FBC-C21C-47EC-A44E-76B182FE50C6}.GRI_PROD|Any CPU.ActiveCfg = GRI_PROD|Any CPU
		{3EF68FBC-C21C-47EC-A44E-76B182FE50C6}.GRI_PROD|Any CPU.Build.0 = GRI_PROD|Any CPU
		{3EF68FBC-C21C-47EC-A44E-76B182FE50C6}.GRI_TEST|Any CPU.ActiveCfg = GRI_TEST|Any CPU
		{3EF68FBC-C21C-47EC-A44E-76B182FE50C6}.GRI_TEST|Any CPU.Build.0 = GRI_TEST|Any CPU
		{3EF68FBC-C21C-47EC-A44E-76B182FE50C6}.Release|Any CPU.ActiveCfg = Release|Any CPU
		{3EF68FBC-C21C-47EC-A44E-76B182FE50C6}.Release|Any CPU.Build.0 = Release|Any CPU
		{3EF68FBC-C21C-47EC-A44E-76B182FE50C6}.RF_PROD|Any CPU.ActiveCfg = Release|Any CPU
		{3EF68FBC-C21C-47EC-A44E-76B182FE50C6}.RF_PROD|Any CPU.Build.0 = Release|Any CPU
		{3EF68FBC-C21C-47EC-A44E-76B182FE50C6}.RF_TEST|Any CPU.ActiveCfg = Release|Any CPU
		{3EF68FBC-C21C-47EC-A44E-76B182FE50C6}.RF_TEST|Any CPU.Build.0 = Release|Any CPU
		{EDC6F1EA-8EA4-4340-89E7-9EA747C54A0D}.Debug|Any CPU.ActiveCfg = Debug|Any CPU
		{EDC6F1EA-8EA4-4340-89E7-9EA747C54A0D}.Debug|Any CPU.Build.0 = Debug|Any CPU
		{EDC6F1EA-8EA4-4340-89E7-9EA747C54A0D}.GRI_PROD|Any CPU.ActiveCfg = RF_PROD|Any CPU
		{EDC6F1EA-8EA4-4340-89E7-9EA747C54A0D}.GRI_PROD|Any CPU.Build.0 = RF_PROD|Any CPU
		{EDC6F1EA-8EA4-4340-89E7-9EA747C54A0D}.GRI_TEST|Any CPU.ActiveCfg = RF_PROD|Any CPU
		{EDC6F1EA-8EA4-4340-89E7-9EA747C54A0D}.GRI_TEST|Any CPU.Build.0 = RF_PROD|Any CPU
		{EDC6F1EA-8EA4-4340-89E7-9EA747C54A0D}.Release|Any CPU.ActiveCfg = Release|Any CPU
		{EDC6F1EA-8EA4-4340-89E7-9EA747C54A0D}.Release|Any CPU.Build.0 = Release|Any CPU
		{EDC6F1EA-8EA4-4340-89E7-9EA747C54A0D}.RF_PROD|Any CPU.ActiveCfg = RF_PROD|Any CPU
		{EDC6F1EA-8EA4-4340-89E7-9EA747C54A0D}.RF_PROD|Any CPU.Build.0 = RF_PROD|Any CPU
		{EDC6F1EA-8EA4-4340-89E7-9EA747C54A0D}.RF_TEST|Any CPU.ActiveCfg = RF_TEST|Any CPU
		{EDC6F1EA-8EA4-4340-89E7-9EA747C54A0D}.RF_TEST|Any CPU.Build.0 = RF_TEST|Any CPU
		{60C59C8C-6F1B-4FDF-B37B-1E6ACBE95985}.Debug|Any CPU.ActiveCfg = Debug|Any CPU
		{60C59C8C-6F1B-4FDF-B37B-1E6ACBE95985}.Debug|Any CPU.Build.0 = Debug|Any CPU
		{60C59C8C-6F1B-4FDF-B37B-1E6ACBE95985}.GRI_PROD|Any CPU.ActiveCfg = RF_PROD|Any CPU
		{60C59C8C-6F1B-4FDF-B37B-1E6ACBE95985}.GRI_PROD|Any CPU.Build.0 = RF_PROD|Any CPU
		{60C59C8C-6F1B-4FDF-B37B-1E6ACBE95985}.GRI_TEST|Any CPU.ActiveCfg = RF_PROD|Any CPU
		{60C59C8C-6F1B-4FDF-B37B-1E6ACBE95985}.GRI_TEST|Any CPU.Build.0 = RF_PROD|Any CPU
		{60C59C8C-6F1B-4FDF-B37B-1E6ACBE95985}.Release|Any CPU.ActiveCfg = Release|Any CPU
		{60C59C8C-6F1B-4FDF-B37B-1E6ACBE95985}.Release|Any CPU.Build.0 = Release|Any CPU
		{60C59C8C-6F1B-4FDF-B37B-1E6ACBE95985}.RF_PROD|Any CPU.ActiveCfg = RF_PROD|Any CPU
		{60C59C8C-6F1B-4FDF-B37B-1E6ACBE95985}.RF_PROD|Any CPU.Build.0 = RF_PROD|Any CPU
		{60C59C8C-6F1B-4FDF-B37B-1E6ACBE95985}.RF_TEST|Any CPU.ActiveCfg = RF_TEST|Any CPU
		{60C59C8C-6F1B-4FDF-B37B-1E6ACBE95985}.RF_TEST|Any CPU.Build.0 = RF_TEST|Any CPU
		{578745E5-C348-48A9-9A6D-F7896CB63050}.Debug|Any CPU.ActiveCfg = Debug|Any CPU
		{578745E5-C348-48A9-9A6D-F7896CB63050}.Debug|Any CPU.Build.0 = Debug|Any CPU
		{578745E5-C348-48A9-9A6D-F7896CB63050}.GRI_PROD|Any CPU.ActiveCfg = RF_PROD|Any CPU
		{578745E5-C348-48A9-9A6D-F7896CB63050}.GRI_PROD|Any CPU.Build.0 = RF_PROD|Any CPU
		{578745E5-C348-48A9-9A6D-F7896CB63050}.GRI_TEST|Any CPU.ActiveCfg = RF_PROD|Any CPU
		{578745E5-C348-48A9-9A6D-F7896CB63050}.GRI_TEST|Any CPU.Build.0 = RF_PROD|Any CPU
		{578745E5-C348-48A9-9A6D-F7896CB63050}.Release|Any CPU.ActiveCfg = Release|Any CPU
		{578745E5-C348-48A9-9A6D-F7896CB63050}.Release|Any CPU.Build.0 = Release|Any CPU
		{578745E5-C348-48A9-9A6D-F7896CB63050}.RF_PROD|Any CPU.ActiveCfg = RF_PROD|Any CPU
		{578745E5-C348-48A9-9A6D-F7896CB63050}.RF_PROD|Any CPU.Build.0 = RF_PROD|Any CPU
		{578745E5-C348-48A9-9A6D-F7896CB63050}.RF_TEST|Any CPU.ActiveCfg = RF_TEST|Any CPU
		{578745E5-C348-48A9-9A6D-F7896CB63050}.RF_TEST|Any CPU.Build.0 = RF_TEST|Any CPU
		{EE712C4D-5E09-404B-9348-6531795716BE}.Debug|Any CPU.ActiveCfg = Debug|Any CPU
		{EE712C4D-5E09-404B-9348-6531795716BE}.Debug|Any CPU.Build.0 = Debug|Any CPU
		{EE712C4D-5E09-404B-9348-6531795716BE}.GRI_PROD|Any CPU.ActiveCfg = RF_PROD|Any CPU
		{EE712C4D-5E09-404B-9348-6531795716BE}.GRI_PROD|Any CPU.Build.0 = RF_PROD|Any CPU
		{EE712C4D-5E09-404B-9348-6531795716BE}.GRI_TEST|Any CPU.ActiveCfg = RF_PROD|Any CPU
		{EE712C4D-5E09-404B-9348-6531795716BE}.GRI_TEST|Any CPU.Build.0 = RF_PROD|Any CPU
		{EE712C4D-5E09-404B-9348-6531795716BE}.Release|Any CPU.ActiveCfg = Release|Any CPU
		{EE712C4D-5E09-404B-9348-6531795716BE}.Release|Any CPU.Build.0 = Release|Any CPU
		{EE712C4D-5E09-404B-9348-6531795716BE}.RF_PROD|Any CPU.ActiveCfg = RF_PROD|Any CPU
		{EE712C4D-5E09-404B-9348-6531795716BE}.RF_PROD|Any CPU.Build.0 = RF_PROD|Any CPU
		{EE712C4D-5E09-404B-9348-6531795716BE}.RF_TEST|Any CPU.ActiveCfg = RF_TEST|Any CPU
		{EE712C4D-5E09-404B-9348-6531795716BE}.RF_TEST|Any CPU.Build.0 = RF_TEST|Any CPU
		{2C5F8B59-7CAB-4EE5-B9DE-527BE7427C5A}.Debug|Any CPU.ActiveCfg = Debug|Any CPU
		{2C5F8B59-7CAB-4EE5-B9DE-527BE7427C5A}.Debug|Any CPU.Build.0 = Debug|Any CPU
		{2C5F8B59-7CAB-4EE5-B9DE-527BE7427C5A}.GRI_PROD|Any CPU.ActiveCfg = Release|Any CPU
		{2C5F8B59-7CAB-4EE5-B9DE-527BE7427C5A}.GRI_PROD|Any CPU.Build.0 = Release|Any CPU
		{2C5F8B59-7CAB-4EE5-B9DE-527BE7427C5A}.GRI_TEST|Any CPU.ActiveCfg = Release|Any CPU
		{2C5F8B59-7CAB-4EE5-B9DE-527BE7427C5A}.GRI_TEST|Any CPU.Build.0 = Release|Any CPU
		{2C5F8B59-7CAB-4EE5-B9DE-527BE7427C5A}.Release|Any CPU.ActiveCfg = Release|Any CPU
		{2C5F8B59-7CAB-4EE5-B9DE-527BE7427C5A}.Release|Any CPU.Build.0 = Release|Any CPU
		{2C5F8B59-7CAB-4EE5-B9DE-527BE7427C5A}.RF_PROD|Any CPU.ActiveCfg = Release|Any CPU
		{2C5F8B59-7CAB-4EE5-B9DE-527BE7427C5A}.RF_PROD|Any CPU.Build.0 = Release|Any CPU
		{2C5F8B59-7CAB-4EE5-B9DE-527BE7427C5A}.RF_TEST|Any CPU.ActiveCfg = Release|Any CPU
		{2C5F8B59-7CAB-4EE5-B9DE-527BE7427C5A}.RF_TEST|Any CPU.Build.0 = Release|Any CPU
		{22990C7E-5AFC-4214-9F57-9991F6B4F1CF}.Debug|Any CPU.ActiveCfg = Debug|Any CPU
		{22990C7E-5AFC-4214-9F57-9991F6B4F1CF}.Debug|Any CPU.Build.0 = Debug|Any CPU
		{22990C7E-5AFC-4214-9F57-9991F6B4F1CF}.GRI_PROD|Any CPU.ActiveCfg = Release|Any CPU
		{22990C7E-5AFC-4214-9F57-9991F6B4F1CF}.GRI_PROD|Any CPU.Build.0 = Release|Any CPU
		{22990C7E-5AFC-4214-9F57-9991F6B4F1CF}.GRI_TEST|Any CPU.ActiveCfg = Release|Any CPU
		{22990C7E-5AFC-4214-9F57-9991F6B4F1CF}.GRI_TEST|Any CPU.Build.0 = Release|Any CPU
		{22990C7E-5AFC-4214-9F57-9991F6B4F1CF}.Release|Any CPU.ActiveCfg = Release|Any CPU
		{22990C7E-5AFC-4214-9F57-9991F6B4F1CF}.Release|Any CPU.Build.0 = Release|Any CPU
		{22990C7E-5AFC-4214-9F57-9991F6B4F1CF}.RF_PROD|Any CPU.ActiveCfg = Release|Any CPU
		{22990C7E-5AFC-4214-9F57-9991F6B4F1CF}.RF_PROD|Any CPU.Build.0 = Release|Any CPU
		{22990C7E-5AFC-4214-9F57-9991F6B4F1CF}.RF_TEST|Any CPU.ActiveCfg = Release|Any CPU
		{22990C7E-5AFC-4214-9F57-9991F6B4F1CF}.RF_TEST|Any CPU.Build.0 = Release|Any CPU
		{B9771E16-969B-4E91-A499-6740FE7DFD6C}.Debug|Any CPU.ActiveCfg = Debug|Any CPU
		{B9771E16-969B-4E91-A499-6740FE7DFD6C}.Debug|Any CPU.Build.0 = Debug|Any CPU
		{B9771E16-969B-4E91-A499-6740FE7DFD6C}.GRI_PROD|Any CPU.ActiveCfg = Release|Any CPU
		{B9771E16-969B-4E91-A499-6740FE7DFD6C}.GRI_PROD|Any CPU.Build.0 = Release|Any CPU
		{B9771E16-969B-4E91-A499-6740FE7DFD6C}.GRI_TEST|Any CPU.ActiveCfg = Release|Any CPU
		{B9771E16-969B-4E91-A499-6740FE7DFD6C}.GRI_TEST|Any CPU.Build.0 = Release|Any CPU
		{B9771E16-969B-4E91-A499-6740FE7DFD6C}.Release|Any CPU.ActiveCfg = Release|Any CPU
		{B9771E16-969B-4E91-A499-6740FE7DFD6C}.Release|Any CPU.Build.0 = Release|Any CPU
		{B9771E16-969B-4E91-A499-6740FE7DFD6C}.RF_PROD|Any CPU.ActiveCfg = Release|Any CPU
		{B9771E16-969B-4E91-A499-6740FE7DFD6C}.RF_PROD|Any CPU.Build.0 = Release|Any CPU
		{B9771E16-969B-4E91-A499-6740FE7DFD6C}.RF_TEST|Any CPU.ActiveCfg = Release|Any CPU
		{B9771E16-969B-4E91-A499-6740FE7DFD6C}.RF_TEST|Any CPU.Build.0 = Release|Any CPU
		{73F97F54-5D25-4F6E-87C7-82D1AFBC0775}.Debug|Any CPU.ActiveCfg = Debug|Any CPU
		{73F97F54-5D25-4F6E-87C7-82D1AFBC0775}.Debug|Any CPU.Build.0 = Debug|Any CPU
		{73F97F54-5D25-4F6E-87C7-82D1AFBC0775}.GRI_PROD|Any CPU.ActiveCfg = RF_PROD|Any CPU
		{73F97F54-5D25-4F6E-87C7-82D1AFBC0775}.GRI_PROD|Any CPU.Build.0 = RF_PROD|Any CPU
		{73F97F54-5D25-4F6E-87C7-82D1AFBC0775}.GRI_TEST|Any CPU.ActiveCfg = RF_PROD|Any CPU
		{73F97F54-5D25-4F6E-87C7-82D1AFBC0775}.GRI_TEST|Any CPU.Build.0 = RF_PROD|Any CPU
		{73F97F54-5D25-4F6E-87C7-82D1AFBC0775}.Release|Any CPU.ActiveCfg = Release|Any CPU
		{73F97F54-5D25-4F6E-87C7-82D1AFBC0775}.Release|Any CPU.Build.0 = Release|Any CPU
		{73F97F54-5D25-4F6E-87C7-82D1AFBC0775}.RF_PROD|Any CPU.ActiveCfg = RF_PROD|Any CPU
		{73F97F54-5D25-4F6E-87C7-82D1AFBC0775}.RF_PROD|Any CPU.Build.0 = RF_PROD|Any CPU
		{73F97F54-5D25-4F6E-87C7-82D1AFBC0775}.RF_TEST|Any CPU.ActiveCfg = RF_TEST|Any CPU
		{73F97F54-5D25-4F6E-87C7-82D1AFBC0775}.RF_TEST|Any CPU.Build.0 = RF_TEST|Any CPU
		{37B6A752-FE03-42AD-9488-817CC64C508B}.Debug|Any CPU.ActiveCfg = Debug|Any CPU
		{37B6A752-FE03-42AD-9488-817CC64C508B}.Debug|Any CPU.Build.0 = Debug|Any CPU
		{37B6A752-FE03-42AD-9488-817CC64C508B}.GRI_PROD|Any CPU.ActiveCfg = RF_PROD|Any CPU
		{37B6A752-FE03-42AD-9488-817CC64C508B}.GRI_PROD|Any CPU.Build.0 = RF_PROD|Any CPU
		{37B6A752-FE03-42AD-9488-817CC64C508B}.GRI_TEST|Any CPU.ActiveCfg = RF_PROD|Any CPU
		{37B6A752-FE03-42AD-9488-817CC64C508B}.GRI_TEST|Any CPU.Build.0 = RF_PROD|Any CPU
		{37B6A752-FE03-42AD-9488-817CC64C508B}.Release|Any CPU.ActiveCfg = Release|Any CPU
		{37B6A752-FE03-42AD-9488-817CC64C508B}.Release|Any CPU.Build.0 = Release|Any CPU
		{37B6A752-FE03-42AD-9488-817CC64C508B}.RF_PROD|Any CPU.ActiveCfg = RF_PROD|Any CPU
		{37B6A752-FE03-42AD-9488-817CC64C508B}.RF_PROD|Any CPU.Build.0 = RF_PROD|Any CPU
		{37B6A752-FE03-42AD-9488-817CC64C508B}.RF_TEST|Any CPU.ActiveCfg = RF_TEST|Any CPU
		{37B6A752-FE03-42AD-9488-817CC64C508B}.RF_TEST|Any CPU.Build.0 = RF_TEST|Any CPU
		{66A7F2DD-D3DE-402D-B961-E50A98C9F96D}.Debug|Any CPU.ActiveCfg = Debug|Any CPU
		{66A7F2DD-D3DE-402D-B961-E50A98C9F96D}.Debug|Any CPU.Build.0 = Debug|Any CPU
		{66A7F2DD-D3DE-402D-B961-E50A98C9F96D}.GRI_PROD|Any CPU.ActiveCfg = Release|Any CPU
		{66A7F2DD-D3DE-402D-B961-E50A98C9F96D}.GRI_PROD|Any CPU.Build.0 = Release|Any CPU
		{66A7F2DD-D3DE-402D-B961-E50A98C9F96D}.GRI_TEST|Any CPU.ActiveCfg = Release|Any CPU
		{66A7F2DD-D3DE-402D-B961-E50A98C9F96D}.GRI_TEST|Any CPU.Build.0 = Release|Any CPU
		{66A7F2DD-D3DE-402D-B961-E50A98C9F96D}.Release|Any CPU.ActiveCfg = Release|Any CPU
		{66A7F2DD-D3DE-402D-B961-E50A98C9F96D}.Release|Any CPU.Build.0 = Release|Any CPU
		{66A7F2DD-D3DE-402D-B961-E50A98C9F96D}.RF_PROD|Any CPU.ActiveCfg = Release|Any CPU
		{66A7F2DD-D3DE-402D-B961-E50A98C9F96D}.RF_PROD|Any CPU.Build.0 = Release|Any CPU
		{66A7F2DD-D3DE-402D-B961-E50A98C9F96D}.RF_TEST|Any CPU.ActiveCfg = Release|Any CPU
		{66A7F2DD-D3DE-402D-B961-E50A98C9F96D}.RF_TEST|Any CPU.Build.0 = Release|Any CPU
		{C87A3DD2-26AF-4784-8850-92AC402903F7}.Debug|Any CPU.ActiveCfg = Debug|Any CPU
		{C87A3DD2-26AF-4784-8850-92AC402903F7}.Debug|Any CPU.Build.0 = Debug|Any CPU
		{C87A3DD2-26AF-4784-8850-92AC402903F7}.GRI_PROD|Any CPU.ActiveCfg = RF_PROD|Any CPU
		{C87A3DD2-26AF-4784-8850-92AC402903F7}.GRI_PROD|Any CPU.Build.0 = RF_PROD|Any CPU
		{C87A3DD2-26AF-4784-8850-92AC402903F7}.GRI_TEST|Any CPU.ActiveCfg = RF_PROD|Any CPU
		{C87A3DD2-26AF-4784-8850-92AC402903F7}.GRI_TEST|Any CPU.Build.0 = RF_PROD|Any CPU
		{C87A3DD2-26AF-4784-8850-92AC402903F7}.Release|Any CPU.ActiveCfg = Release|Any CPU
		{C87A3DD2-26AF-4784-8850-92AC402903F7}.Release|Any CPU.Build.0 = Release|Any CPU
		{C87A3DD2-26AF-4784-8850-92AC402903F7}.RF_PROD|Any CPU.ActiveCfg = RF_PROD|Any CPU
		{C87A3DD2-26AF-4784-8850-92AC402903F7}.RF_PROD|Any CPU.Build.0 = RF_PROD|Any CPU
		{C87A3DD2-26AF-4784-8850-92AC402903F7}.RF_TEST|Any CPU.ActiveCfg = RF_TEST|Any CPU
		{C87A3DD2-26AF-4784-8850-92AC402903F7}.RF_TEST|Any CPU.Build.0 = RF_TEST|Any CPU
	EndGlobalSection
	GlobalSection(SolutionProperties) = preSolution
		HideSolutionNode = FALSE
	EndGlobalSection
	GlobalSection(TeamFoundationVersionControl) = preSolution
		SccNumberOfProjects = 15
		SccEnterpriseProvider = {4CA58AB2-18FA-4F8D-95D4-32DDF27D184C}
		SccTeamFoundationServer = http://applicationtfs:8080/tfs/defaultcollection
		SccProjectUniqueName0 = ..\\..\\..\\..\\..\\..\\Progetti\\tfsCap\\Revolution\\GestioneRimborsi\\DEV\\GestioneRimborsi.Core\\GestioneRimborsi.Core.csproj
		SccProjectName0 = $/Revolution/GestioneRimborsi/DEV/GestioneRimborsi.Core
		SccAuxPath0 = http://applicationtfs:8080/tfs/defaultcollection
		SccLocalPath0 = ..\\..\\..\\..\\..\\..\\Progetti\\tfsCap\\Revolution\\GestioneRimborsi\\DEV\\GestioneRimborsi.Core
		SccProvider0 = {4CA58AB2-18FA-4F8D-95D4-32DDF27D184C}
		SccProjectUniqueName1 = ..\\..\\..\\..\\..\\..\\Progetti\\tfsCap\\Revolution\\GestioneRimborsi\\DEV\\GestioneRimborsi.Web\\GestioneRimborsi.Web.csproj
		SccProjectName1 = $/Revolution/GestioneRimborsi/DEV/GestioneRimborsi.Web
		SccAuxPath1 = http://applicationtfs:8080/tfs/defaultcollection
		SccLocalPath1 = ..\\..\\..\\..\\..\\..\\Progetti\\tfsCap\\Revolution\\GestioneRimborsi\\DEV\\GestioneRimborsi.Web
		SccProvider1 = {4CA58AB2-18FA-4F8D-95D4-32DDF27D184C}
		SccProjectUniqueName2 = ..\\..\\..\\..\\..\\..\\Progetti\\tfsCap\\Revolution\\Services\\BankXMLManager\\BankXMLManager.WCF\\BankXMLManager.WCF.csproj
		SccProjectName2 = $/Revolution/Services/BankXMLManager/BankXMLManager.WCF
		SccAuxPath2 = http://applicationtfs:8080/tfs/defaultcollection
		SccLocalPath2 = ..\\..\\..\\..\\..\\..\\Progetti\\tfsCap\\Revolution\\Services\\BankXMLManager\\BankXMLManager.WCF
		SccProvider2 = {4CA58AB2-18FA-4F8D-95D4-32DDF27D184C}
		SccProjectUniqueName3 = ..\\..\\..\\..\\..\\..\\Progetti\\tfsCap\\Revolution\\Services\\BankXMLManager\\SepaManager.Base\\SepaManager.Base.csproj
		SccProjectName3 = $/Revolution/Services/BankXMLManager/SepaManager.Base
		SccAuxPath3 = http://applicationtfs:8080/tfs/defaultcollection
		SccLocalPath3 = ..\\..\\..\\..\\..\\..\\Progetti\\tfsCap\\Revolution\\Services\\BankXMLManager\\SepaManager.Base
		SccProvider3 = {4CA58AB2-18FA-4F8D-95D4-32DDF27D184C}
		SccProjectUniqueName4 = ..\\..\\..\\..\\..\\..\\Progetti\\tfsCap\\Revolution\\GruppoCap.Activity.Core\\GruppoCap.Activity.Core.csproj
		SccProjectName4 = $/Revolution/GruppoCap.Activity.Core
		SccAuxPath4 = http://applicationtfs:8080/tfs/defaultcollection
		SccLocalPath4 = ..\\..\\..\\..\\..\\..\\Progetti\\tfsCap\\Revolution\\GruppoCap.Activity.Core
		SccProvider4 = {4CA58AB2-18FA-4F8D-95D4-32DDF27D184C}
		SccProjectUniqueName5 = ..\\..\\..\\..\\..\\..\\Progetti\\tfsCap\\Revolution\\GruppoCap.Authentication.Core\\GruppoCap.Authentication.Core.csproj
		SccProjectName5 = $/Revolution/GruppoCap.Authentication.Core
		SccAuxPath5 = http://applicationtfs:8080/tfs/defaultcollection
		SccLocalPath5 = ..\\..\\..\\..\\..\\..\\Progetti\\tfsCap\\Revolution\\GruppoCap.Authentication.Core
		SccProvider5 = {4CA58AB2-18FA-4F8D-95D4-32DDF27D184C}
		SccProjectUniqueName6 = ..\\..\\..\\..\\..\\..\\Progetti\\tfsCap\\Revolution\\GruppoCap.Utils\\GruppoCap.Utils.csproj
		SccProjectName6 = $/Revolution/GruppoCap.Utils
		SccAuxPath6 = http://applicationtfs:8080/tfs/defaultcollection
		SccLocalPath6 = ..\\..\\..\\..\\..\\..\\Progetti\\tfsCap\\Revolution\\GruppoCap.Utils
		SccProvider6 = {4CA58AB2-18FA-4F8D-95D4-32DDF27D184C}
		SccProjectUniqueName7 = ..\\..\\..\\..\\..\\..\\Progetti\\tfsCap\\Revolution\\GruppoCap.Security.PEM\\GruppoCap.Security.PEM.csproj
		SccProjectName7 = $/Revolution/GruppoCap.Security.PEM
		SccAuxPath7 = http://applicationtfs:8080/tfs/defaultcollection
		SccLocalPath7 = ..\\..\\..\\..\\..\\..\\Progetti\\tfsCap\\Revolution\\GruppoCap.Security.PEM
		SccProvider7 = {4CA58AB2-18FA-4F8D-95D4-32DDF27D184C}
		SccProjectUniqueName8 = ..\\..\\..\\..\\..\\..\\Progetti\\tfsCap\\Revolution\\GruppoCap.Logger.Log4Net\\GruppoCap.Logger.Log4Net.csproj
		SccProjectName8 = $/Revolution/GruppoCap.Logger.Log4Net
		SccAuxPath8 = http://applicationtfs:8080/tfs/defaultcollection
		SccLocalPath8 = ..\\..\\..\\..\\..\\..\\Progetti\\tfsCap\\Revolution\\GruppoCap.Logger.Log4Net
		SccProvider8 = {4CA58AB2-18FA-4F8D-95D4-32DDF27D184C}
		SccProjectUniqueName9 = ..\\..\\..\\..\\..\\..\\Progetti\\tfsCap\\Revolution\\GruppoCap.Encryption\\GruppoCap.Encryption.csproj
		SccProjectName9 = $/Revolution/GruppoCap.Encryption
		SccAuxPath9 = http://applicationtfs:8080/tfs/defaultcollection
		SccLocalPath9 = ..\\..\\..\\..\\..\\..\\Progetti\\tfsCap\\Revolution\\GruppoCap.Encryption
		SccProvider9 = {4CA58AB2-18FA-4F8D-95D4-32DDF27D184C}
		SccProjectUniqueName10 = ..\\..\\..\\..\\..\\..\\Progetti\\tfsCap\\Revolution\\GruppoCap.DAL.SqlServer\\GruppoCap.DAL.SqlServer.csproj
		SccProjectName10 = $/Revolution/GruppoCap.DAL.SqlServer
		SccAuxPath10 = http://applicationtfs:8080/tfs/defaultcollection
		SccLocalPath10 = ..\\..\\..\\..\\..\\..\\Progetti\\tfsCap\\Revolution\\GruppoCap.DAL.SqlServer
		SccProvider10 = {4CA58AB2-18FA-4F8D-95D4-32DDF27D184C}
		SccProjectUniqueName11 = ..\\..\\..\\..\\..\\..\\Progetti\\tfsCap\\Revolution\\GruppoCap.DAL.Oracle\\GruppoCap.DAL.Oracle.csproj
		SccProjectName11 = $/Revolution/GruppoCap.DAL.Oracle
		SccAuxPath11 = http://applicationtfs:8080/tfs/defaultcollection
		SccLocalPath11 = ..\\..\\..\\..\\..\\..\\Progetti\\tfsCap\\Revolution\\GruppoCap.DAL.Oracle
		SccProvider11 = {4CA58AB2-18FA-4F8D-95D4-32DDF27D184C}
		SccProjectUniqueName12 = ..\\..\\..\\..\\..\\..\\Progetti\\tfsCap\\Revolution\\GruppoCap.Core.Mvc\\GruppoCap.Core.Mvc.csproj
		SccProjectName12 = $/Revolution/GruppoCap.Core.Mvc
		SccAuxPath12 = http://applicationtfs:8080/tfs/defaultcollection
		SccLocalPath12 = ..\\..\\..\\..\\..\\..\\Progetti\\tfsCap\\Revolution\\GruppoCap.Core.Mvc
		SccProvider12 = {4CA58AB2-18FA-4F8D-95D4-32DDF27D184C}
		SccProjectUniqueName13 = ..\\..\\..\\..\\..\\..\\Progetti\\tfsCap\\Revolution\\GruppoCap.Core.Api\\GruppoCap.Core.Api.csproj
		SccProjectName13 = $/Revolution/GruppoCap.Core.Api
		SccAuxPath13 = http://applicationtfs:8080/tfs/defaultcollection
		SccLocalPath13 = ..\\..\\..\\..\\..\\..\\Progetti\\tfsCap\\Revolution\\GruppoCap.Core.Api
		SccProvider13 = {4CA58AB2-18FA-4F8D-95D4-32DDF27D184C}
		SccProjectUniqueName14 = ..\\..\\..\\..\\..\\..\\Progetti\\tfsCap\\Revolution\\GruppoCap.Core\\GruppoCap.Core.csproj
		SccProjectName14 = $/Revolution/GruppoCap.Core
		SccAuxPath14 = http://applicationtfs:8080/tfs/defaultcollection
		SccLocalPath14 = ..\\..\\..\\..\\..\\..\\Progetti\\tfsCap\\Revolution\\GruppoCap.Core
		SccProvider14 = {4CA58AB2-18FA-4F8D-95D4-32DDF27D184C}
	EndGlobalSection
EndGlobal
