
Microsoft Visual Studio Solution File, Format Version 12.00
# Visual Studio 14
VisualStudioVersion = 14.0.25420.1
MinimumVisualStudioVersion = 10.0.40219.1
Project("{2150E333-8FDC-42A3-9474-1A3956D46DE8}") = "Solution Items", "Solution Items", "{5AA28788-9FAD-4F7D-9EED-78F50D3789DC}"
	ProjectSection(SolutionItems) = preProject
		TextFile1.txt = TextFile1.txt
	EndProjectSection
EndProject
Project("{FAE04EC0-301F-11D3-BF4B-00C04F79EFBC}") = "GestioneRimborsi.Core", "GestioneRimborsi.Core\GestioneRimborsi.Core.csproj", "{3B73452A-78D5-4E31-BAD8-06726E716586}"
EndProject
Project("{FAE04EC0-301F-11D3-BF4B-00C04F79EFBC}") = "GestioneRimborsi.Web", "GestioneRimborsi.Web\GestioneRimborsi.Web.csproj", "{A48E9A9A-696C-40EF-9E1D-63104C87729B}"
EndProject
Project("{2150E333-8FDC-42A3-9474-1A3956D46DE8}") = "Required Assemblies", "Required Assemblies", "{D60441CA-C948-4E66-BAD2-90E561E43640}"
EndProject
Project("{FAE04EC0-301F-11D3-BF4B-00C04F79EFBC}") = "GruppoCap.Activity.Core", "Required Assemblies\GruppoCap.Activity.Core\GruppoCap.Activity.Core.csproj", "{EDC6F1EA-8EA4-4340-89E7-9EA747C54A0D}"
EndProject
Project("{FAE04EC0-301F-11D3-BF4B-00C04F79EFBC}") = "GruppoCap.Authentication.Core", "Required Assemblies\GruppoCap.Authentication.Core\GruppoCap.Authentication.Core.csproj", "{60C59C8C-6F1B-4FDF-B37B-1E6ACBE95985}"
EndProject
Project("{FAE04EC0-301F-11D3-BF4B-00C04F79EFBC}") = "GruppoCap.Core", "Required Assemblies\GruppoCap.Core\GruppoCap.Core.csproj", "{C87A3DD2-26AF-4784-8850-92AC402903F7}"
EndProject
Project("{FAE04EC0-301F-11D3-BF4B-00C04F79EFBC}") = "GruppoCap.Core.Api", "Required Assemblies\GruppoCap.Core.Api\GruppoCap.Core.Api.csproj", "{66A7F2DD-D3DE-402D-B961-E50A98C9F96D}"
EndProject
Project("{FAE04EC0-301F-11D3-BF4B-00C04F79EFBC}") = "GruppoCap.Core.Mvc", "Required Assemblies\GruppoCap.Core.Mvc\GruppoCap.Core.Mvc.csproj", "{37B6A752-FE03-42AD-9488-817CC64C508B}"
EndProject
Project("{FAE04EC0-301F-11D3-BF4B-00C04F79EFBC}") = "GruppoCap.DAL.Oracle", "Required Assemblies\GruppoCap.DAL.Oracle\GruppoCap.DAL.Oracle.csproj", "{73F97F54-5D25-4F6E-87C7-82D1AFBC0775}"
EndProject
Project("{FAE04EC0-301F-11D3-BF4B-00C04F79EFBC}") = "GruppoCap.DAL.SqlServer", "Required Assemblies\GruppoCap.DAL.SqlServer\GruppoCap.DAL.SqlServer.csproj", "{B9771E16-969B-4E91-A499-6740FE7DFD6C}"
EndProject
Project("{FAE04EC0-301F-11D3-BF4B-00C04F79EFBC}") = "GruppoCap.Encryption", "Required Assemblies\GruppoCap.Encryption\GruppoCap.Encryption.csproj", "{22990C7E-5AFC-4214-9F57-9991F6B4F1CF}"
EndProject
Project("{FAE04EC0-301F-11D3-BF4B-00C04F79EFBC}") = "GruppoCap.Logger.Log4Net", "Required Assemblies\GruppoCap.Logger.Log4Net\GruppoCap.Logger.Log4Net.csproj", "{2C5F8B59-7CAB-4EE5-B9DE-527BE7427C5A}"
EndProject
Project("{FAE04EC0-301F-11D3-BF4B-00C04F79EFBC}") = "GruppoCap.Security.PEM", "Required Assemblies\GruppoCap.Security.PEM\GruppoCap.Security.PEM.csproj", "{EE712C4D-5E09-404B-9348-6531795716BE}"
EndProject
Project("{FAE04EC0-301F-11D3-BF4B-00C04F79EFBC}") = "GruppoCap.Utils", "Required Assemblies\GruppoCap.Utils\GruppoCap.Utils.csproj", "{578745E5-C348-48A9-9A6D-F7896CB63050}"
EndProject
Project("{2150E333-8FDC-42A3-9474-1A3956D46DE8}") = "Services", "Services", "{8663EDA5-6208-491B-AADC-F6A19735F943}"
EndProject
Project("{FAE04EC0-301F-11D3-BF4B-00C04F79EFBC}") = "BankXMLManager.WCF", "Required Assemblies\BankXMLManager\BankXMLManager.WCF\BankXMLManager.WCF.csproj", "{01C9D885-7814-4ED1-A7DA-44024C9F2547}"
EndProject
Project("{FAE04EC0-301F-11D3-BF4B-00C04F79EFBC}") = "SepaManager.Base", "Required Assemblies\BankXMLManager\SepaManager.Base\SepaManager.Base.csproj", "{3EF68FBC-C21C-47EC-A44E-76B182FE50C6}"
EndProject
Global
	GlobalSection(SolutionConfigurationPlatforms) = preSolution
		Debug|Any CPU = Debug|Any CPU
		GRI_PROD|Any CPU = GRI_PROD|Any CPU
		GRI_TEST|Any CPU = GRI_TEST|Any CPU
		Release|Any CPU = Release|Any CPU
		RF_PROD|Any CPU = RF_PROD|Any CPU
		RF_TEST|Any CPU = RF_TEST|Any CPU
	EndGlobalSection
	GlobalSection(ProjectConfigurationPlatforms) = postSolution
		{3B73452A-78D5-4E31-BAD8-06726E716586}.Debug|Any CPU.ActiveCfg = Debug|Any CPU
		{3B73452A-78D5-4E31-BAD8-06726E716586}.Debug|Any CPU.Build.0 = Debug|Any CPU
		{3B73452A-78D5-4E31-BAD8-06726E716586}.GRI_PROD|Any CPU.ActiveCfg = GRI_PROD|Any CPU
		{3B73452A-78D5-4E31-BAD8-06726E716586}.GRI_PROD|Any CPU.Build.0 = GRI_PROD|Any CPU
		{3B73452A-78D5-4E31-BAD8-06726E716586}.GRI_TEST|Any CPU.ActiveCfg = GRI_TEST|Any CPU
		{3B73452A-78D5-4E31-BAD8-06726E716586}.GRI_TEST|Any CPU.Build.0 = GRI_TEST|Any CPU
		{3B73452A-78D5-4E31-BAD8-06726E716586}.Release|Any CPU.ActiveCfg = Release|Any CPU
		{3B73452A-78D5-4E31-BAD8-06726E716586}.Release|Any CPU.Build.0 = Release|Any CPU
		{3B73452A-78D5-4E31-BAD8-06726E716586}.RF_PROD|Any CPU.ActiveCfg = Release|Any CPU
		{3B73452A-78D5-4E31-BAD8-06726E716586}.RF_PROD|Any CPU.Build.0 = Release|Any CPU
		{3B73452A-78D5-4E31-BAD8-06726E716586}.RF_TEST|Any CPU.ActiveCfg = Release|Any CPU
		{3B73452A-78D5-4E31-BAD8-06726E716586}.RF_TEST|Any CPU.Build.0 = Release|Any CPU
		{A48E9A9A-696C-40EF-9E1D-63104C87729B}.Debug|Any CPU.ActiveCfg = Debug|Any CPU
		{A48E9A9A-696C-40EF-9E1D-63104C87729B}.Debug|Any CPU.Build.0 = Debug|Any CPU
		{A48E9A9A-696C-40EF-9E1D-63104C87729B}.GRI_PROD|Any CPU.ActiveCfg = GRI_PROD|Any CPU
		{A48E9A9A-696C-40EF-9E1D-63104C87729B}.GRI_PROD|Any CPU.Build.0 = GRI_PROD|Any CPU
		{A48E9A9A-696C-40EF-9E1D-63104C87729B}.GRI_TEST|Any CPU.ActiveCfg = GRI_TEST|Any CPU
		{A48E9A9A-696C-40EF-9E1D-63104C87729B}.GRI_TEST|Any CPU.Build.0 = GRI_TEST|Any CPU
		{A48E9A9A-696C-40EF-9E1D-63104C87729B}.Release|Any CPU.ActiveCfg = Release|Any CPU
		{A48E9A9A-696C-40EF-9E1D-63104C87729B}.Release|Any CPU.Build.0 = Release|Any CPU
		{A48E9A9A-696C-40EF-9E1D-63104C87729B}.RF_PROD|Any CPU.ActiveCfg = Release|Any CPU
		{A48E9A9A-696C-40EF-9E1D-63104C87729B}.RF_PROD|Any CPU.Build.0 = Release|Any CPU
		{A48E9A9A-696C-40EF-9E1D-63104C87729B}.RF_TEST|Any CPU.ActiveCfg = Release|Any CPU
		{A48E9A9A-696C-40EF-9E1D-63104C87729B}.RF_TEST|Any CPU.Build.0 = Release|Any CPU
		{EDC6F1EA-8EA4-4340-89E7-9EA747C54A0D}.Debug|Any CPU.ActiveCfg = Debug|Any CPU
		{EDC6F1EA-8EA4-4340-89E7-9EA747C54A0D}.Debug|Any CPU.Build.0 = Debug|Any CPU
		{EDC6F1EA-8EA4-4340-89E7-9EA747C54A0D}.GRI_PROD|Any CPU.ActiveCfg = RF_PROD|Any CPU
		{EDC6F1EA-8EA4-4340-89E7-9EA747C54A0D}.GRI_PROD|Any CPU.Build.0 = RF_PROD|Any CPU
		{EDC6F1EA-8EA4-4340-89E7-9EA747C54A0D}.GRI_TEST|Any CPU.ActiveCfg = RF_PROD|Any CPU
		{EDC6F1EA-8EA4-4340-89E7-9EA747C54A0D}.GRI_TEST|Any CPU.Build.0 = RF_PROD|Any CPU
		{EDC6F1EA-8EA4-4340-89E7-9EA747C54A0D}.Release|Any CPU.ActiveCfg = Release|Any CPU
		{EDC6F1EA-8EA4-4340-89E7-9EA747C54A0D}.Release|Any CPU.Build.0 = Release|Any CPU
		{EDC6F1EA-8EA4-4340-89E7-9EA747C54A0D}.RF_PROD|Any CPU.ActiveCfg = RF_PROD|Any CPU
		{EDC6F1EA-8EA4-4340-89E7-9EA747C54A0D}.RF_PROD|Any CPU.Build.0 = RF_PROD|Any CPU
		{EDC6F1EA-8EA4-4340-89E7-9EA747C54A0D}.RF_TEST|Any CPU.ActiveCfg = RF_TEST|Any CPU
		{EDC6F1EA-8EA4-4340-89E7-9EA747C54A0D}.RF_TEST|Any CPU.Build.0 = RF_TEST|Any CPU
		{60C59C8C-6F1B-4FDF-B37B-1E6ACBE95985}.Debug|Any CPU.ActiveCfg = Debug|Any CPU
		{60C59C8C-6F1B-4FDF-B37B-1E6ACBE95985}.Debug|Any CPU.Build.0 = Debug|Any CPU
		{60C59C8C-6F1B-4FDF-B37B-1E6ACBE95985}.GRI_PROD|Any CPU.ActiveCfg = RF_PROD|Any CPU
		{60C59C8C-6F1B-4FDF-B37B-1E6ACBE95985}.GRI_PROD|Any CPU.Build.0 = RF_PROD|Any CPU
		{60C59C8C-6F1B-4FDF-B37B-1E6ACBE95985}.GRI_TEST|Any CPU.ActiveCfg = RF_PROD|Any CPU
		{60C59C8C-6F1B-4FDF-B37B-1E6ACBE95985}.GRI_TEST|Any CPU.Build.0 = RF_PROD|Any CPU
		{60C59C8C-6F1B-4FDF-B37B-1E6ACBE95985}.Release|Any CPU.ActiveCfg = Release|Any CPU
		{60C59C8C-6F1B-4FDF-B37B-1E6ACBE95985}.Release|Any CPU.Build.0 = Release|Any CPU
		{60C59C8C-6F1B-4FDF-B37B-1E6ACBE95985}.RF_PROD|Any CPU.ActiveCfg = RF_PROD|Any CPU
		{60C59C8C-6F1B-4FDF-B37B-1E6ACBE95985}.RF_PROD|Any CPU.Build.0 = RF_PROD|Any CPU
		{60C59C8C-6F1B-4FDF-B37B-1E6ACBE95985}.RF_TEST|Any CPU.ActiveCfg = RF_TEST|Any CPU
		{60C59C8C-6F1B-4FDF-B37B-1E6ACBE95985}.RF_TEST|Any CPU.Build.0 = RF_TEST|Any CPU
		{C87A3DD2-26AF-4784-8850-92AC402903F7}.Debug|Any CPU.ActiveCfg = Debug|Any CPU
		{C87A3DD2-26AF-4784-8850-92AC402903F7}.Debug|Any CPU.Build.0 = Debug|Any CPU
		{C87A3DD2-26AF-4784-8850-92AC402903F7}.GRI_PROD|Any CPU.ActiveCfg = RF_PROD|Any CPU
		{C87A3DD2-26AF-4784-8850-92AC402903F7}.GRI_PROD|Any CPU.Build.0 = RF_PROD|Any CPU
		{C87A3DD2-26AF-4784-8850-92AC402903F7}.GRI_TEST|Any CPU.ActiveCfg = RF_PROD|Any CPU
		{C87A3DD2-26AF-4784-8850-92AC402903F7}.GRI_TEST|Any CPU.Build.0 = RF_PROD|Any CPU
		{C87A3DD2-26AF-4784-8850-92AC402903F7}.Release|Any CPU.ActiveCfg = Release|Any CPU
		{C87A3DD2-26AF-4784-8850-92AC402903F7}.Release|Any CPU.Build.0 = Release|Any CPU
		{C87A3DD2-26AF-4784-8850-92AC402903F7}.RF_PROD|Any CPU.ActiveCfg = RF_PROD|Any CPU
		{C87A3DD2-26AF-4784-8850-92AC402903F7}.RF_PROD|Any CPU.Build.0 = RF_PROD|Any CPU
		{C87A3DD2-26AF-4784-8850-92AC402903F7}.RF_TEST|Any CPU.ActiveCfg = RF_TEST|Any CPU
		{C87A3DD2-26AF-4784-8850-92AC402903F7}.RF_TEST|Any CPU.Build.0 = RF_TEST|Any CPU
		{66A7F2DD-D3DE-402D-B961-E50A98C9F96D}.Debug|Any CPU.ActiveCfg = Debug|Any CPU
		{66A7F2DD-D3DE-402D-B961-E50A98C9F96D}.Debug|Any CPU.Build.0 = Debug|Any CPU
		{66A7F2DD-D3DE-402D-B961-E50A98C9F96D}.GRI_PROD|Any CPU.ActiveCfg = Release|Any CPU
		{66A7F2DD-D3DE-402D-B961-E50A98C9F96D}.GRI_PROD|Any CPU.Build.0 = Release|Any CPU
		{66A7F2DD-D3DE-402D-B961-E50A98C9F96D}.GRI_TEST|Any CPU.ActiveCfg = Release|Any CPU
		{66A7F2DD-D3DE-402D-B961-E50A98C9F96D}.GRI_TEST|Any CPU.Build.0 = Release|Any CPU
		{66A7F2DD-D3DE-402D-B961-E50A98C9F96D}.Release|Any CPU.ActiveCfg = Release|Any CPU
		{66A7F2DD-D3DE-402D-B961-E50A98C9F96D}.Release|Any CPU.Build.0 = Release|Any CPU
		{66A7F2DD-D3DE-402D-B961-E50A98C9F96D}.RF_PROD|Any CPU.ActiveCfg = Release|Any CPU
		{66A7F2DD-D3DE-402D-B961-E50A98C9F96D}.RF_PROD|Any CPU.Build.0 = Release|Any CPU
		{66A7F2DD-D3DE-402D-B961-E50A98C9F96D}.RF_TEST|Any CPU.ActiveCfg = Release|Any CPU
		{66A7F2DD-D3DE-402D-B961-E50A98C9F96D}.RF_TEST|Any CPU.Build.0 = Release|Any CPU
		{37B6A752-FE03-42AD-9488-817CC64C508B}.Debug|Any CPU.ActiveCfg = Debug|Any CPU
		{37B6A752-FE03-42AD-9488-817CC64C508B}.Debug|Any CPU.Build.0 = Debug|Any CPU
		{37B6A752-FE03-42AD-9488-817CC64C508B}.GRI_PROD|Any CPU.ActiveCfg = RF_PROD|Any CPU
		{37B6A752-FE03-42AD-9488-817CC64C508B}.GRI_PROD|Any CPU.Build.0 = RF_PROD|Any CPU
		{37B6A752-FE03-42AD-9488-817CC64C508B}.GRI_TEST|Any CPU.ActiveCfg = RF_PROD|Any CPU
		{37B6A752-FE03-42AD-9488-817CC64C508B}.GRI_TEST|Any CPU.Build.0 = RF_PROD|Any CPU
		{37B6A752-FE03-42AD-9488-817CC64C508B}.Release|Any CPU.ActiveCfg = Release|Any CPU
		{37B6A752-FE03-42AD-9488-817CC64C508B}.Release|Any CPU.Build.0 = Release|Any CPU
		{37B6A752-FE03-42AD-9488-817CC64C508B}.RF_PROD|Any CPU.ActiveCfg = RF_PROD|Any CPU
		{37B6A752-FE03-42AD-9488-817CC64C508B}.RF_PROD|Any CPU.Build.0 = RF_PROD|Any CPU
		{37B6A752-FE03-42AD-9488-817CC64C508B}.RF_TEST|Any CPU.ActiveCfg = RF_TEST|Any CPU
		{37B6A752-FE03-42AD-9488-817CC64C508B}.RF_TEST|Any CPU.Build.0 = RF_TEST|Any CPU
		{73F97F54-5D25-4F6E-87C7-82D1AFBC0775}.Debug|Any CPU.ActiveCfg = Debug|Any CPU
		{73F97F54-5D25-4F6E-87C7-82D1AFBC0775}.Debug|Any CPU.Build.0 = Debug|Any CPU
		{73F97F54-5D25-4F6E-87C7-82D1AFBC0775}.GRI_PROD|Any CPU.ActiveCfg = RF_PROD|Any CPU
		{73F97F54-5D25-4F6E-87C7-82D1AFBC0775}.GRI_PROD|Any CPU.Build.0 = RF_PROD|Any CPU
		{73F97F54-5D25-4F6E-87C7-82D1AFBC0775}.GRI_TEST|Any CPU.ActiveCfg = RF_PROD|Any CPU
		{73F97F54-5D25-4F6E-87C7-82D1AFBC0775}.GRI_TEST|Any CPU.Build.0 = RF_PROD|Any CPU
		{73F97F54-5D25-4F6E-87C7-82D1AFBC0775}.Release|Any CPU.ActiveCfg = Release|Any CPU
		{73F97F54-5D25-4F6E-87C7-82D1AFBC0775}.Release|Any CPU.Build.0 = Release|Any CPU
		{73F97F54-5D25-4F6E-87C7-82D1AFBC0775}.RF_PROD|Any CPU.ActiveCfg = RF_PROD|Any CPU
		{73F97F54-5D25-4F6E-87C7-82D1AFBC0775}.RF_PROD|Any CPU.Build.0 = RF_PROD|Any CPU
		{73F97F54-5D25-4F6E-87C7-82D1AFBC0775}.RF_TEST|Any CPU.ActiveCfg = RF_TEST|Any CPU
		{73F97F54-5D25-4F6E-87C7-82D1AFBC0775}.RF_TEST|Any CPU.Build.0 = RF_TEST|Any CPU
		{B9771E16-969B-4E91-A499-6740FE7DFD6C}.Debug|Any CPU.ActiveCfg = Debug|Any CPU
		{B9771E16-969B-4E91-A499-6740FE7DFD6C}.Debug|Any CPU.Build.0 = Debug|Any CPU
		{B9771E16-969B-4E91-A499-6740FE7DFD6C}.GRI_PROD|Any CPU.ActiveCfg = Release|Any CPU
		{B9771E16-969B-4E91-A499-6740FE7DFD6C}.GRI_PROD|Any CPU.Build.0 = Release|Any CPU
		{B9771E16-969B-4E91-A499-6740FE7DFD6C}.GRI_TEST|Any CPU.ActiveCfg = Release|Any CPU
		{B9771E16-969B-4E91-A499-6740FE7DFD6C}.GRI_TEST|Any CPU.Build.0 = Release|Any CPU
		{B9771E16-969B-4E91-A499-6740FE7DFD6C}.Release|Any CPU.ActiveCfg = Release|Any CPU
		{B9771E16-969B-4E91-A499-6740FE7DFD6C}.Release|Any CPU.Build.0 = Release|Any CPU
		{B9771E16-969B-4E91-A499-6740FE7DFD6C}.RF_PROD|Any CPU.ActiveCfg = Release|Any CPU
		{B9771E16-969B-4E91-A499-6740FE7DFD6C}.RF_PROD|Any CPU.Build.0 = Release|Any CPU
		{B9771E16-969B-4E91-A499-6740FE7DFD6C}.RF_TEST|Any CPU.ActiveCfg = Release|Any CPU
		{B9771E16-969B-4E91-A499-6740FE7DFD6C}.RF_TEST|Any CPU.Build.0 = Release|Any CPU
		{22990C7E-5AFC-4214-9F57-9991F6B4F1CF}.Debug|Any CPU.ActiveCfg = Debug|Any CPU
		{22990C7E-5AFC-4214-9F57-9991F6B4F1CF}.Debug|Any CPU.Build.0 = Debug|Any CPU
		{22990C7E-5AFC-4214-9F57-9991F6B4F1CF}.GRI_PROD|Any CPU.ActiveCfg = Release|Any CPU
		{22990C7E-5AFC-4214-9F57-9991F6B4F1CF}.GRI_PROD|Any CPU.Build.0 = Release|Any CPU
		{22990C7E-5AFC-4214-9F57-9991F6B4F1CF}.GRI_TEST|Any CPU.ActiveCfg = Release|Any CPU
		{22990C7E-5AFC-4214-9F57-9991F6B4F1CF}.GRI_TEST|Any CPU.Build.0 = Release|Any CPU
		{22990C7E-5AFC-4214-9F57-9991F6B4F1CF}.Release|Any CPU.ActiveCfg = Release|Any CPU
		{22990C7E-5AFC-4214-9F57-9991F6B4F1CF}.Release|Any CPU.Build.0 = Release|Any CPU
		{22990C7E-5AFC-4214-9F57-9991F6B4F1CF}.RF_PROD|Any CPU.ActiveCfg = Release|Any CPU
		{22990C7E-5AFC-4214-9F57-9991F6B4F1CF}.RF_PROD|Any CPU.Build.0 = Release|Any CPU
		{22990C7E-5AFC-4214-9F57-9991F6B4F1CF}.RF_TEST|Any CPU.ActiveCfg = Release|Any CPU
		{22990C7E-5AFC-4214-9F57-9991F6B4F1CF}.RF_TEST|Any CPU.Build.0 = Release|Any CPU
		{2C5F8B59-7CAB-4EE5-B9DE-527BE7427C5A}.Debug|Any CPU.ActiveCfg = Debug|Any CPU
		{2C5F8B59-7CAB-4EE5-B9DE-527BE7427C5A}.Debug|Any CPU.Build.0 = Debug|Any CPU
		{2C5F8B59-7CAB-4EE5-B9DE-527BE7427C5A}.GRI_PROD|Any CPU.ActiveCfg = Release|Any CPU
		{2C5F8B59-7CAB-4EE5-B9DE-527BE7427C5A}.GRI_PROD|Any CPU.Build.0 = Release|Any CPU
		{2C5F8B59-7CAB-4EE5-B9DE-527BE7427C5A}.GRI_TEST|Any CPU.ActiveCfg = Release|Any CPU
		{2C5F8B59-7CAB-4EE5-B9DE-527BE7427C5A}.GRI_TEST|Any CPU.Build.0 = Release|Any CPU
		{2C5F8B59-7CAB-4EE5-B9DE-527BE7427C5A}.Release|Any CPU.ActiveCfg = Release|Any CPU
		{2C5F8B59-7CAB-4EE5-B9DE-527BE7427C5A}.Release|Any CPU.Build.0 = Release|Any CPU
		{2C5F8B59-7CAB-4EE5-B9DE-527BE7427C5A}.RF_PROD|Any CPU.ActiveCfg = Release|Any CPU
		{2C5F8B59-7CAB-4EE5-B9DE-527BE7427C5A}.RF_PROD|Any CPU.Build.0 = Release|Any CPU
		{2C5F8B59-7CAB-4EE5-B9DE-527BE7427C5A}.RF_TEST|Any CPU.ActiveCfg = Release|Any CPU
		{2C5F8B59-7CAB-4EE5-B9DE-527BE7427C5A}.RF_TEST|Any CPU.Build.0 = Release|Any CPU
		{EE712C4D-5E09-404B-9348-6531795716BE}.Debug|Any CPU.ActiveCfg = Debug|Any CPU
		{EE712C4D-5E09-404B-9348-6531795716BE}.Debug|Any CPU.Build.0 = Debug|Any CPU
		{EE712C4D-5E09-404B-9348-6531795716BE}.GRI_PROD|Any CPU.ActiveCfg = RF_PROD|Any CPU
		{EE712C4D-5E09-404B-9348-6531795716BE}.GRI_PROD|Any CPU.Build.0 = RF_PROD|Any CPU
		{EE712C4D-5E09-404B-9348-6531795716BE}.GRI_TEST|Any CPU.ActiveCfg = RF_PROD|Any CPU
		{EE712C4D-5E09-404B-9348-6531795716BE}.GRI_TEST|Any CPU.Build.0 = RF_PROD|Any CPU
		{EE712C4D-5E09-404B-9348-6531795716BE}.Release|Any CPU.ActiveCfg = Release|Any CPU
		{EE712C4D-5E09-404B-9348-6531795716BE}.Release|Any CPU.Build.0 = Release|Any CPU
		{EE712C4D-5E09-404B-9348-6531795716BE}.RF_PROD|Any CPU.ActiveCfg = RF_PROD|Any CPU
		{EE712C4D-5E09-404B-9348-6531795716BE}.RF_PROD|Any CPU.Build.0 = RF_PROD|Any CPU
		{EE712C4D-5E09-404B-9348-6531795716BE}.RF_TEST|Any CPU.ActiveCfg = RF_TEST|Any CPU
		{EE712C4D-5E09-404B-9348-6531795716BE}.RF_TEST|Any CPU.Build.0 = RF_TEST|Any CPU
		{578745E5-C348-48A9-9A6D-F7896CB63050}.Debug|Any CPU.ActiveCfg = Debug|Any CPU
		{578745E5-C348-48A9-9A6D-F7896CB63050}.Debug|Any CPU.Build.0 = Debug|Any CPU
		{578745E5-C348-48A9-9A6D-F7896CB63050}.GRI_PROD|Any CPU.ActiveCfg = RF_PROD|Any CPU
		{578745E5-C348-48A9-9A6D-F7896CB63050}.GRI_PROD|Any CPU.Build.0 = RF_PROD|Any CPU
		{578745E5-C348-48A9-9A6D-F7896CB63050}.GRI_TEST|Any CPU.ActiveCfg = RF_PROD|Any CPU
		{578745E5-C348-48A9-9A6D-F7896CB63050}.GRI_TEST|Any CPU.Build.0 = RF_PROD|Any CPU
		{578745E5-C348-48A9-9A6D-F7896CB63050}.Release|Any CPU.ActiveCfg = Release|Any CPU
		{578745E5-C348-48A9-9A6D-F7896CB63050}.Release|Any CPU.Build.0 = Release|Any CPU
		{578745E5-C348-48A9-9A6D-F7896CB63050}.RF_PROD|Any CPU.ActiveCfg = RF_PROD|Any CPU
		{578745E5-C348-48A9-9A6D-F7896CB63050}.RF_PROD|Any CPU.Build.0 = RF_PROD|Any CPU
		{578745E5-C348-48A9-9A6D-F7896CB63050}.RF_TEST|Any CPU.ActiveCfg = RF_TEST|Any CPU
		{578745E5-C348-48A9-9A6D-F7896CB63050}.RF_TEST|Any CPU.Build.0 = RF_TEST|Any CPU
		{01C9D885-7814-4ED1-A7DA-44024C9F2547}.Debug|Any CPU.ActiveCfg = Debug|Any CPU
		{01C9D885-7814-4ED1-A7DA-44024C9F2547}.Debug|Any CPU.Build.0 = Debug|Any CPU
		{01C9D885-7814-4ED1-A7DA-44024C9F2547}.GRI_PROD|Any CPU.ActiveCfg = GRI_PROD|Any CPU
		{01C9D885-7814-4ED1-A7DA-44024C9F2547}.GRI_PROD|Any CPU.Build.0 = GRI_PROD|Any CPU
		{01C9D885-7814-4ED1-A7DA-44024C9F2547}.GRI_TEST|Any CPU.ActiveCfg = GRI_TEST|Any CPU
		{01C9D885-7814-4ED1-A7DA-44024C9F2547}.GRI_TEST|Any CPU.Build.0 = GRI_TEST|Any CPU
		{01C9D885-7814-4ED1-A7DA-44024C9F2547}.Release|Any CPU.ActiveCfg = Release|Any CPU
		{01C9D885-7814-4ED1-A7DA-44024C9F2547}.Release|Any CPU.Build.0 = Release|Any CPU
		{01C9D885-7814-4ED1-A7DA-44024C9F2547}.RF_PROD|Any CPU.ActiveCfg = Release|Any CPU
		{01C9D885-7814-4ED1-A7DA-44024C9F2547}.RF_PROD|Any CPU.Build.0 = Release|Any CPU
		{01C9D885-7814-4ED1-A7DA-44024C9F2547}.RF_TEST|Any CPU.ActiveCfg = Release|Any CPU
		{01C9D885-7814-4ED1-A7DA-44024C9F2547}.RF_TEST|Any CPU.Build.0 = Release|Any CPU
		{3EF68FBC-C21C-47EC-A44E-76B182FE50C6}.Debug|Any CPU.ActiveCfg = Debug|Any CPU
		{3EF68FBC-C21C-47EC-A44E-76B182FE50C6}.Debug|Any CPU.Build.0 = Debug|Any CPU
		{3EF68FBC-C21C-47EC-A44E-76B182FE50C6}.GRI_PROD|Any CPU.ActiveCfg = GRI_PROD|Any CPU
		{3EF68FBC-C21C-47EC-A44E-76B182FE50C6}.GRI_PROD|Any CPU.Build.0 = GRI_PROD|Any CPU
		{3EF68FBC-C21C-47EC-A44E-76B182FE50C6}.GRI_TEST|Any CPU.ActiveCfg = GRI_TEST|Any CPU
		{3EF68FBC-C21C-47EC-A44E-76B182FE50C6}.GRI_TEST|Any CPU.Build.0 = GRI_TEST|Any CPU
		{3EF68FBC-C21C-47EC-A44E-76B182FE50C6}.Release|Any CPU.ActiveCfg = Release|Any CPU
		{3EF68FBC-C21C-47EC-A44E-76B182FE50C6}.Release|Any CPU.Build.0 = Release|Any CPU
		{3EF68FBC-C21C-47EC-A44E-76B182FE50C6}.RF_PROD|Any CPU.ActiveCfg = Release|Any CPU
		{3EF68FBC-C21C-47EC-A44E-76B182FE50C6}.RF_PROD|Any CPU.Build.0 = Release|Any CPU
		{3EF68FBC-C21C-47EC-A44E-76B182FE50C6}.RF_TEST|Any CPU.ActiveCfg = Release|Any CPU
		{3EF68FBC-C21C-47EC-A44E-76B182FE50C6}.RF_TEST|Any CPU.Build.0 = Release|Any CPU
	EndGlobalSection
	GlobalSection(SolutionProperties) = preSolution
		HideSolutionNode = FALSE
	EndGlobalSection
	GlobalSection(NestedProjects) = preSolution
		{EDC6F1EA-8EA4-4340-89E7-9EA747C54A0D} = {D60441CA-C948-4E66-BAD2-90E561E43640}
		{60C59C8C-6F1B-4FDF-B37B-1E6ACBE95985} = {D60441CA-C948-4E66-BAD2-90E561E43640}
		{C87A3DD2-26AF-4784-8850-92AC402903F7} = {D60441CA-C948-4E66-BAD2-90E561E43640}
		{66A7F2DD-D3DE-402D-B961-E50A98C9F96D} = {D60441CA-C948-4E66-BAD2-90E561E43640}
		{37B6A752-FE03-42AD-9488-817CC64C508B} = {D60441CA-C948-4E66-BAD2-90E561E43640}
		{73F97F54-5D25-4F6E-87C7-82D1AFBC0775} = {D60441CA-C948-4E66-BAD2-90E561E43640}
		{B9771E16-969B-4E91-A499-6740FE7DFD6C} = {D60441CA-C948-4E66-BAD2-90E561E43640}
		{22990C7E-5AFC-4214-9F57-9991F6B4F1CF} = {D60441CA-C948-4E66-BAD2-90E561E43640}
		{2C5F8B59-7CAB-4EE5-B9DE-527BE7427C5A} = {D60441CA-C948-4E66-BAD2-90E561E43640}
		{EE712C4D-5E09-404B-9348-6531795716BE} = {D60441CA-C948-4E66-BAD2-90E561E43640}
		{578745E5-C348-48A9-9A6D-F7896CB63050} = {D60441CA-C948-4E66-BAD2-90E561E43640}
		{01C9D885-7814-4ED1-A7DA-44024C9F2547} = {8663EDA5-6208-491B-AADC-F6A19735F943}
		{3EF68FBC-C21C-47EC-A44E-76B182FE50C6} = {8663EDA5-6208-491B-AADC-F6A19735F943}
	EndGlobalSection
EndGlobal
